
Microsoft Visual Studio Solution File, Format Version 12.00
# Visual Studio Version 17
VisualStudioVersion = 17.3.32811.315
MinimumVisualStudioVersion = 10.0.40219.1
Project("{FAE04EC0-301F-11D3-BF4B-00C04F79EFBC}") = "GettingStartedLib", "GettingStartedLib\GettingStartedLib.csproj", "{55BA8320-7356-4E18-A556-0F247765E449}"
EndProject
Project("{FAE04EC0-301F-11D3-BF4B-00C04F79EFBC}") = "GettingStartedHost", "GettingStartedHost\GettingStartedHost.csproj", "{F944A460-660C-47F3-B939-07368E8D9248}"
EndProject
Project("{FAE04EC0-301F-11D3-BF4B-00C04F79EFBC}") = "GettingStartedClient", "GettingStartedClient\GettingStartedClient.csproj", "{212B3AFA-EA8F-4B95-A045-990241C4E93D}"
	ProjectSection(ProjectDependencies) = postProject
		{55BA8320-7356-4E18-A556-0F247765E449} = {55BA8320-7356-4E18-A556-0F247765E449}
	EndProjectSection
EndProject
Global
	GlobalSection(SolutionConfigurationPlatforms) = preSolution
		Debug|Any CPU = Debug|Any CPU
		Release|Any CPU = Release|Any CPU
	EndGlobalSection
	GlobalSection(ProjectConfigurationPlatforms) = postSolution
		{55BA8320-7356-4E18-A556-0F247765E449}.Debug|Any CPU.ActiveCfg = Debug|Any CPU
		{55BA8320-7356-4E18-A556-0F247765E449}.Debug|Any CPU.Build.0 = Debug|Any CPU
		{55BA8320-7356-4E18-A556-0F247765E449}.Release|Any CPU.ActiveCfg = Release|Any CPU
		{55BA8320-7356-4E18-A556-0F247765E449}.Release|Any CPU.Build.0 = Release|Any CPU
		{F944A460-660C-47F3-B939-07368E8D9248}.Debug|Any CPU.ActiveCfg = Debug|Any CPU
		{F944A460-660C-47F3-B939-07368E8D9248}.Debug|Any CPU.Build.0 = Debug|Any CPU
		{F944A460-660C-47F3-B939-07368E8D9248}.Release|Any CPU.ActiveCfg = Release|Any CPU
		{F944A460-660C-47F3-B939-07368E8D9248}.Release|Any CPU.Build.0 = Release|Any CPU
		{212B3AFA-EA8F-4B95-A045-990241C4E93D}.Debug|Any CPU.ActiveCfg = Debug|Any CPU
		{212B3AFA-EA8F-4B95-A045-990241C4E93D}.Debug|Any CPU.Build.0 = Debug|Any CPU
		{212B3AFA-EA8F-4B95-A045-990241C4E93D}.Release|Any CPU.ActiveCfg = Release|Any CPU
		{212B3AFA-EA8F-4B95-A045-990241C4E93D}.Release|Any CPU.Build.0 = Release|Any CPU
	EndGlobalSection
	GlobalSection(SolutionProperties) = preSolution
		HideSolutionNode = FALSE
	EndGlobalSection
	GlobalSection(ExtensibilityGlobals) = postSolution
		SolutionGuid = {91E6939C-5D05-42B4-98F0-EB2087CF9586}
	EndGlobalSection
EndGlobal
